PODS:
  - Flutter (1.0.0)
  - rust_lib_tiomusic (0.0.1):
    - Flutter

DEPENDENCIES:
  - Flutter (from `Flutter`)
  - rust_lib_tiomusic (from `.symlinks/plugins/rust_lib_tiomusic/ios`)

EXTERNAL SOURCES:
  Flutter:
    :path: Flutter
  rust_lib_tiomusic:
    :path: ".symlinks/plugins/rust_lib_tiomusic/ios"

SPEC CHECKSUMS:
  Flutter: cabc95a1d2626b1b06e7179b784ebcf0c0cde467
  rust_lib_tiomusic: 7b67cd4a1266d3a63a3eb9306d9daaa6816a05b8

PODFILE CHECKSUM: 45d544f9c29a82723a7a7a0ed6cfddd88abe89a7

COCOAPODS: 1.16.2
