# This file is automatically @generated by Cargo.
# It is not intended for manual editing.
version = 3

[[package]]
name = "addr2line"
version = "0.21.0"
source = "registry+https://github.com/rust-lang/crates.io-index"
checksum = "8a30b2e23b9e17a9f90641c7ab1549cd9b44f296d3ccbf309d2863cfe398a0cb"
dependencies = [
 "gimli",
]

[[package]]
name = "adler"
version = "1.0.2"
source = "registry+https://github.com/rust-lang/crates.io-index"
checksum = "f26201604c87b1e01bd3d98f8d5d9a8fcbb815e8cedb41ffccbeb4bf593a35fe"

[[package]]
name = "aho-corasick"
version = "1.1.1"
source = "registry+https://github.com/rust-lang/crates.io-index"
checksum = "ea5d730647d4fadd988536d06fecce94b7b4f2a7efdae548f1cf4b63205518ab"
dependencies = [
 "memchr",
]

[[package]]
name = "allo-isolate"
version = "0.1.24"
source = "registry+https://github.com/rust-lang/crates.io-index"
checksum = "f2f5a5fd28223e6f3cafb7d9cd685f51eafdd71d33ca1229f8316925d5957240"
dependencies = [
 "anyhow",
 "atomic",
 "backtrace",
 "chrono",
]

[[package]]
name = "alsa"
version = "0.7.1"
source = "registry+https://github.com/rust-lang/crates.io-index"
checksum = "e2562ad8dcf0f789f65c6fdaad8a8a9708ed6b488e649da28c01656ad66b8b47"
dependencies = [
 "alsa-sys",
 "bitflags 1.3.2",
 "libc",
 "nix",
]

[[package]]
name = "alsa-sys"
version = "0.3.1"
source = "registry+https://github.com/rust-lang/crates.io-index"
checksum = "db8fee663d06c4e303404ef5f40488a53e062f89ba8bfed81f42325aafad1527"
dependencies = [
 "libc",
 "pkg-config",
]

[[package]]
name = "android-tzdata"
version = "0.1.1"
source = "registry+https://github.com/rust-lang/crates.io-index"
checksum = "e999941b234f3131b00bc13c22d06e8c5ff726d1b6318ac7eb276997bbb4fef0"

[[package]]
name = "android_system_properties"
version = "0.1.5"
source = "registry+https://github.com/rust-lang/crates.io-index"
checksum = "819e7219dbd41043ac279b19830f2efc897156490d7fd6ea916720117ee66311"
dependencies = [
 "libc",
]

[[package]]
name = "anyhow"
version = "1.0.75"
source = "registry+https://github.com/rust-lang/crates.io-index"
checksum = "a4668cab20f66d8d020e1fbc0ebe47217433c1b6c8f2040faf858554e394ace6"

[[package]]
name = "array-init"
version = "2.1.0"
source = "registry+https://github.com/rust-lang/crates.io-index"
checksum = "3d62b7694a562cdf5a74227903507c56ab2cc8bdd1f781ed5cb4cf9c9f810bfc"

[[package]]
name = "arraytools"
version = "0.1.5"
source = "registry+https://github.com/rust-lang/crates.io-index"
checksum = "a5367919938d9d809b2f2f6a3c7d7174c85ebb08beadf0c1d3dd94f64439f437"

[[package]]
name = "arrayvec"
version = "0.7.4"
source = "registry+https://github.com/rust-lang/crates.io-index"
checksum = "96d30a06541fbafbc7f82ed10c06164cfbd2c401138f6addd8404629c4b16711"

[[package]]
name = "atomic"
version = "0.5.3"
source = "registry+https://github.com/rust-lang/crates.io-index"
checksum = "c59bdb34bc650a32731b31bd8f0829cc15d24a708ee31559e0bb34f2bc320cba"

[[package]]
name = "autocfg"
version = "1.1.0"
source = "registry+https://github.com/rust-lang/crates.io-index"
checksum = "d468802bab17cbc0cc575e9b053f41e72aa36bfa6b7f55e3529ffa43161b97fa"

[[package]]
name = "backtrace"
version = "0.3.69"
source = "registry+https://github.com/rust-lang/crates.io-index"
checksum = "2089b7e3f35b9dd2d0ed921ead4f6d318c27680d4a5bd167b3ee120edb105837"
dependencies = [
 "addr2line",
 "cc",
 "cfg-if 1.0.0",
 "libc",
 "miniz_oxide",
 "object",
 "rustc-demangle",
]

[[package]]
name = "bindgen"
version = "0.68.1"
source = "registry+https://github.com/rust-lang/crates.io-index"
checksum = "726e4313eb6ec35d2730258ad4e15b547ee75d6afaa1361a922e78e59b7d8078"
dependencies = [
 "bitflags 2.4.0",
 "cexpr",
 "clang-sys",
 "lazy_static",
 "lazycell",
 "peeking_take_while",
 "proc-macro2",
 "quote",
 "regex",
 "rustc-hash",
 "shlex",
 "syn 2.0.37",
]

[[package]]
name = "binrw"
version = "0.8.4"
source = "registry+https://github.com/rust-lang/crates.io-index"
checksum = "a13d2fa8772b88ee64a0d84602c636ad2bae9c176873f6c440e2b0a1df4c8c43"
dependencies = [
 "array-init",
 "binrw_derive",
]

[[package]]
name = "binrw_derive"
version = "0.8.4"
source = "registry+https://github.com/rust-lang/crates.io-index"
checksum = "193bcff2709da50edf2e9a89e0f9a2118eea70f257b1f4380ccf27d3d8578302"
dependencies = [
 "owo-colors",
 "proc-macro2",
 "quote",
 "syn 1.0.109",
]

[[package]]
name = "bitflags"
version = "1.3.2"
source = "registry+https://github.com/rust-lang/crates.io-index"
checksum = "bef38d45163c2f1dde094a7dfd33ccf595c92905c8f8f4fdc18d06fb1037718a"

[[package]]
name = "bitflags"
version = "2.4.0"
source = "registry+https://github.com/rust-lang/crates.io-index"
checksum = "b4682ae6287fcf752ecaabbfcc7b6f9b72aa33933dc23a554d853aea8eea8635"

[[package]]
name = "build-target"
version = "0.4.0"
source = "registry+https://github.com/rust-lang/crates.io-index"
checksum = "832133bbabbbaa9fbdba793456a2827627a7d2b8fb96032fa1e7666d7895832b"

[[package]]
name = "bumpalo"
version = "3.14.0"
source = "registry+https://github.com/rust-lang/crates.io-index"
checksum = "7f30e7476521f6f8af1a1c4c0b8cc94f0bee37d91763d0ca2665f299b6cd8aec"

[[package]]
name = "bytemuck"
version = "1.14.0"
source = "registry+https://github.com/rust-lang/crates.io-index"
checksum = "374d28ec25809ee0e23827c2ab573d729e293f281dfe393500e7ad618baa61c6"

[[package]]
name = "bytes"
version = "1.5.0"
source = "registry+https://github.com/rust-lang/crates.io-index"
checksum = "a2bd12c1caf447e69cd4528f47f94d203fd2582878ecb9e9465484c4148a8223"

[[package]]
name = "cc"
version = "1.0.83"
source = "registry+https://github.com/rust-lang/crates.io-index"
checksum = "f1174fb0b6ec23863f8b971027804a42614e347eafb0a95bf0b12cdae21fc4d0"
dependencies = [
 "jobserver",
 "libc",
]

[[package]]
name = "cesu8"
version = "1.1.0"
source = "registry+https://github.com/rust-lang/crates.io-index"
checksum = "6d43a04d8753f35258c91f8ec639f792891f748a1edbd759cf1dcea3382ad83c"

[[package]]
name = "cexpr"
version = "0.6.0"
source = "registry+https://github.com/rust-lang/crates.io-index"
checksum = "6fac387a98bb7c37292057cffc56d62ecb629900026402633ae9160df93a8766"
dependencies = [
 "nom",
]

[[package]]
name = "cfg-if"
version = "0.1.10"
source = "registry+https://github.com/rust-lang/crates.io-index"
checksum = "4785bdd1c96b2a846b2bd7cc02e86b6b3dbf14e7e53446c4f54c92a361040822"

[[package]]
name = "cfg-if"
version = "1.0.0"
source = "registry+https://github.com/rust-lang/crates.io-index"
checksum = "baf1de4339761588bc0619e3cbc0120ee582ebb74b53b4efbf79117bd2da40fd"

[[package]]
name = "chrono"
version = "0.4.34"
source = "registry+https://github.com/rust-lang/crates.io-index"
checksum = "5bc015644b92d5890fab7489e49d21f879d5c990186827d42ec511919404f38b"
dependencies = [
 "android-tzdata",
 "iana-time-zone",
 "js-sys",
 "num-traits",
 "wasm-bindgen",
 "windows-targets 0.52.0",
]

[[package]]
name = "clang-sys"
version = "1.6.1"
source = "registry+https://github.com/rust-lang/crates.io-index"
checksum = "c688fc74432808e3eb684cae8830a86be1d66a2bd58e1f248ed0960a590baf6f"
dependencies = [
 "glob",
 "libc",
 "libloading",
]

[[package]]
name = "cloudabi"
version = "0.0.3"
source = "registry+https://github.com/rust-lang/crates.io-index"
checksum = "ddfc5b9aa5d4507acaf872de71051dfd0e309860e88966e1051e462a077aac4f"
dependencies = [
 "bitflags 1.3.2",
]

[[package]]
name = "combine"
version = "4.6.6"
source = "registry+https://github.com/rust-lang/crates.io-index"
checksum = "35ed6e9d84f0b51a7f52daf1c7d71dd136fd7a3f41a8462b8cdb8c78d920fad4"
dependencies = [
 "bytes",
 "memchr",
]

[[package]]
name = "console_error_panic_hook"
version = "0.1.7"
source = "registry+https://github.com/rust-lang/crates.io-index"
checksum = "a06aeb73f470f66dcdbf7223caeebb85984942f22f1adb2a088cf9668146bbbc"
dependencies = [
 "cfg-if 1.0.0",
 "wasm-bindgen",
]

[[package]]
name = "conv"
version = "0.3.3"
source = "registry+https://github.com/rust-lang/crates.io-index"
checksum = "78ff10625fd0ac447827aa30ea8b861fead473bb60aeb73af6c1c58caf0d1299"
dependencies = [
 "custom_derive",
]

[[package]]
name = "core-foundation-sys"
version = "0.6.2"
source = "registry+https://github.com/rust-lang/crates.io-index"
checksum = "e7ca8a5221364ef15ce201e8ed2f609fc312682a8f4e0e3d4aa5879764e0fa3b"

[[package]]
name = "core-foundation-sys"
version = "0.8.4"
source = "registry+https://github.com/rust-lang/crates.io-index"
checksum = "e496a50fda8aacccc86d7529e2c1e0892dbd0f898a6b5645b5561b89c3210efa"

[[package]]
name = "coreaudio-rs"
version = "0.11.2"
source = "registry+https://github.com/rust-lang/crates.io-index"
checksum = "cb17e2d1795b1996419648915df94bc7103c28f7b48062d7acf4652fc371b2ff"
dependencies = [
 "bitflags 1.3.2",
 "core-foundation-sys 0.6.2",
 "coreaudio-sys",
]

[[package]]
name = "coreaudio-sys"
version = "0.2.13"
source = "registry+https://github.com/rust-lang/crates.io-index"
checksum = "d8478e5bdad14dce236b9898ea002eabfa87cbe14f0aa538dbe3b6a4bec4332d"
dependencies = [
 "bindgen",
]

[[package]]
name = "cpal"
version = "0.15.2"
source = "registry+https://github.com/rust-lang/crates.io-index"
checksum = "6d959d90e938c5493000514b446987c07aed46c668faaa7d34d6c7a67b1a578c"
dependencies = [
 "alsa",
 "core-foundation-sys 0.8.4",
 "coreaudio-rs",
 "dasp_sample",
 "jni 0.19.0",
 "js-sys",
 "libc",
 "mach2",
 "ndk",
 "ndk-context",
 "oboe",
 "once_cell",
 "parking_lot 0.12.1",
 "wasm-bindgen",
 "wasm-bindgen-futures",
 "web-sys",
 "windows",
]

[[package]]
name = "crossbeam-utils"
version = "0.8.16"
source = "registry+https://github.com/rust-lang/crates.io-index"
checksum = "5a22b2d63d4d1dc0b7f1b6b2747dd0088008a9be28b6ddf0b1e7d335e3037294"
dependencies = [
 "cfg-if 1.0.0",
]

[[package]]
name = "custom_derive"
version = "0.1.7"
source = "registry+https://github.com/rust-lang/crates.io-index"
checksum = "ef8ae57c4978a2acd8b869ce6b9ca1dfe817bff704c220209fdef2c0b75a01b9"

[[package]]
name = "dart-sys"
version = "4.0.2"
source = "registry+https://github.com/rust-lang/crates.io-index"
checksum = "8d8b5680b5c2cc52f50acb2457d9b3a3b58adcca785db13a0e3655626f601de6"
dependencies = [
 "cc",
]

[[package]]
name = "dasp_sample"
version = "0.11.0"
source = "registry+https://github.com/rust-lang/crates.io-index"
checksum = "0c87e182de0887fd5361989c677c4e8f5000cd9491d6d563161a8f3a5519fc7f"

[[package]]
name = "encoding_rs"
version = "0.8.33"
source = "registry+https://github.com/rust-lang/crates.io-index"
checksum = "7268b386296a025e474d5140678f75d6de9493ae55a5d709eeb9dd08149945e1"
dependencies = [
 "cfg-if 1.0.0",
]

[[package]]
name = "enum-map"
version = "2.6.3"
source = "registry+https://github.com/rust-lang/crates.io-index"
checksum = "c188012f8542dee7b3996e44dd89461d64aa471b0a7c71a1ae2f595d259e96e5"
dependencies = [
 "enum-map-derive",
]

[[package]]
name = "enum-map-derive"
version = "0.14.0"
source = "registry+https://github.com/rust-lang/crates.io-index"
checksum = "04d0b288e3bb1d861c4403c1774a6f7a798781dfc519b3647df2a3dd4ae95f25"
dependencies = [
 "proc-macro2",
 "quote",
 "syn 2.0.37",
]

[[package]]
name = "equivalent"
version = "1.0.1"
source = "registry+https://github.com/rust-lang/crates.io-index"
checksum = "5443807d6dff69373d433ab9ef5378ad8df50ca6298caf15de6e52e24aaf54d5"

[[package]]
name = "extended"
version = "0.1.0"
source = "registry+https://github.com/rust-lang/crates.io-index"
checksum = "af9673d8203fcb076b19dfd17e38b3d4ae9f44959416ea532ce72415a6020365"

[[package]]
name = "flutter_rust_bridge"
version = "1.82.6"
source = "registry+https://github.com/rust-lang/crates.io-index"
checksum = "23a5a7a1cd030cd63f53eafe2496eb4e40f520800e6e9b78cae6f3f3ba7f3c2b"
dependencies = [
 "allo-isolate",
 "anyhow",
 "backtrace",
 "build-target",
 "bytemuck",
 "cc",
 "chrono",
 "console_error_panic_hook",
 "dart-sys",
 "flutter_rust_bridge_macros",
 "js-sys",
 "lazy_static",
 "libc",
 "log",
 "parking_lot 0.12.1",
 "threadpool",
 "wasm-bindgen",
 "web-sys",
]

[[package]]
name = "flutter_rust_bridge_macros"
version = "1.82.6"
source = "registry+https://github.com/rust-lang/crates.io-index"
checksum = "a7fe743d921bedf4578b9472346d03a9643a01cd565ca7df7961baebad534ba5"

[[package]]
name = "getrandom"
version = "0.2.10"
source = "registry+https://github.com/rust-lang/crates.io-index"
checksum = "be4136b2a15dd319360be1c07d9933517ccf0be8f16bf62a3bee4f0d618df427"
dependencies = [
 "cfg-if 1.0.0",
 "libc",
 "wasi",
]

[[package]]
name = "gimli"
version = "0.28.0"
source = "registry+https://github.com/rust-lang/crates.io-index"
checksum = "6fb8d784f27acf97159b40fc4db5ecd8aa23b9ad5ef69cdd136d3bc80665f0c0"

[[package]]
name = "glob"
version = "0.3.1"
source = "registry+https://github.com/rust-lang/crates.io-index"
checksum = "d2fabcfbdc87f4758337ca535fb41a6d701b65693ce38287d856d1674551ec9b"

[[package]]
name = "hashbrown"
version = "0.14.1"
source = "registry+https://github.com/rust-lang/crates.io-index"
checksum = "7dfda62a12f55daeae5015f81b0baea145391cb4520f86c248fc615d72640d12"

[[package]]
name = "hermit-abi"
version = "0.3.3"
source = "registry+https://github.com/rust-lang/crates.io-index"
checksum = "d77f7ec81a6d05a3abb01ab6eb7590f6083d08449fe5a1c8b1e620283546ccb7"

[[package]]
name = "iana-time-zone"
version = "0.1.60"
source = "registry+https://github.com/rust-lang/crates.io-index"
checksum = "e7ffbb5a1b541ea2561f8c41c087286cc091e21e556a4f09a8f6cbf17b69b141"
dependencies = [
 "android_system_properties",
 "core-foundation-sys 0.8.4",
 "iana-time-zone-haiku",
 "js-sys",
 "wasm-bindgen",
 "windows-core",
]

[[package]]
name = "iana-time-zone-haiku"
version = "0.1.2"
source = "registry+https://github.com/rust-lang/crates.io-index"
checksum = "f31827a206f56af32e590ba56d5d2d085f558508192593743f16b2306495269f"
dependencies = [
 "cc",
]

[[package]]
name = "indexed-ring-buffer"
version = "0.1.3"
source = "registry+https://github.com/rust-lang/crates.io-index"
checksum = "c5fdf986bb69f88d6a1d98ab7b5dadbcb9f733df1a763585187fedc0784d1319"
dependencies = [
 "parking_lot 0.10.2",
]

[[package]]
name = "indexmap"
version = "2.0.2"
source = "registry+https://github.com/rust-lang/crates.io-index"
checksum = "8adf3ddd720272c6ea8bf59463c04e0f93d0bbf7c5439b691bca2987e0270897"
dependencies = [
 "equivalent",
 "hashbrown",
]

[[package]]
name = "jni"
version = "0.19.0"
source = "registry+https://github.com/rust-lang/crates.io-index"
checksum = "c6df18c2e3db7e453d3c6ac5b3e9d5182664d28788126d39b91f2d1e22b017ec"
dependencies = [
 "cesu8",
 "combine",
 "jni-sys",
 "log",
 "thiserror",
 "walkdir",
]

[[package]]
name = "jni"
version = "0.20.0"
source = "registry+https://github.com/rust-lang/crates.io-index"
checksum = "039022cdf4d7b1cf548d31f60ae783138e5fd42013f6271049d7df7afadef96c"
dependencies = [
 "cesu8",
 "combine",
 "jni-sys",
 "log",
 "thiserror",
 "walkdir",
]

[[package]]
name = "jni"
version = "0.21.1"
source = "registry+https://github.com/rust-lang/crates.io-index"
checksum = "1a87aa2bb7d2af34197c04845522473242e1aa17c12f4935d5856491a7fb8c97"
dependencies = [
 "cesu8",
 "cfg-if 1.0.0",
 "combine",
 "jni-sys",
 "log",
 "thiserror",
 "walkdir",
 "windows-sys",
]

[[package]]
name = "jni-sys"
version = "0.3.0"
source = "registry+https://github.com/rust-lang/crates.io-index"
checksum = "8eaf4bc02d17cbdd7ff4c7438cafcdf7fb9a4613313ad11b4f8fefe7d3fa0130"

[[package]]
name = "jobserver"
version = "0.1.26"
source = "registry+https://github.com/rust-lang/crates.io-index"
checksum = "936cfd212a0155903bcbc060e316fb6cc7cbf2e1907329391ebadc1fe0ce77c2"
dependencies = [
 "libc",
]

[[package]]
name = "js-sys"
version = "0.3.68"
source = "registry+https://github.com/rust-lang/crates.io-index"
checksum = "406cda4b368d531c842222cf9d2600a9a4acce8d29423695379c6868a143a9ee"
dependencies = [
 "wasm-bindgen",
]

[[package]]
name = "lazy_static"
version = "1.4.0"
source = "registry+https://github.com/rust-lang/crates.io-index"
checksum = "e2abad23fbc42b3700f2f279844dc832adb2b2eb069b2df918f455c4e18cc646"

[[package]]
name = "lazycell"
version = "1.3.0"
source = "registry+https://github.com/rust-lang/crates.io-index"
checksum = "830d08ce1d1d941e6b30645f1a0eb5643013d835ce3779a5fc208261dbe10f55"

[[package]]
name = "lerp"
version = "0.5.0"
source = "registry+https://github.com/rust-lang/crates.io-index"
checksum = "ecc56a024593ecbcacb6bb4f8f4ace719eb08ae9b701535640ef3efb0e706260"
dependencies = [
 "num-traits",
]

[[package]]
name = "libc"
version = "0.2.148"
source = "registry+https://github.com/rust-lang/crates.io-index"
checksum = "9cdc71e17332e86d2e1d38c1f99edcb6288ee11b815fb1a4b049eaa2114d369b"

[[package]]
name = "libloading"
version = "0.7.4"
source = "registry+https://github.com/rust-lang/crates.io-index"
checksum = "b67380fd3b2fbe7527a606e18729d21c6f3951633d0500574c4dc22d2d638b9f"
dependencies = [
 "cfg-if 1.0.0",
 "winapi",
]

[[package]]
name = "lock_api"
version = "0.3.4"
source = "registry+https://github.com/rust-lang/crates.io-index"
checksum = "c4da24a77a3d8a6d4862d95f72e6fdb9c09a643ecdb402d754004a557f2bec75"
dependencies = [
 "scopeguard",
]

[[package]]
name = "lock_api"
version = "0.4.10"
source = "registry+https://github.com/rust-lang/crates.io-index"
checksum = "c1cc9717a20b1bb222f333e6a92fd32f7d8a18ddc5a3191a11af45dcbf4dcd16"
dependencies = [
 "autocfg",
 "scopeguard",
]

[[package]]
name = "log"
version = "0.4.20"
source = "registry+https://github.com/rust-lang/crates.io-index"
checksum = "b5e6163cb8c49088c2c36f57875e58ccd8c87c7427f7fbd50ea6710b2f3f2e8f"

[[package]]
name = "mach2"
version = "0.4.1"
source = "registry+https://github.com/rust-lang/crates.io-index"
checksum = "6d0d1830bcd151a6fc4aea1369af235b36c1528fe976b8ff678683c9995eade8"
dependencies = [
 "libc",
]

[[package]]
name = "memchr"
version = "2.6.4"
source = "registry+https://github.com/rust-lang/crates.io-index"
checksum = "f665ee40bc4a3c5590afb1e9677db74a508659dfd71e126420da8274909a0167"

[[package]]
name = "minimal-lexical"
version = "0.2.1"
source = "registry+https://github.com/rust-lang/crates.io-index"
checksum = "68354c5c6bd36d73ff3feceb05efa59b6acb7626617f4962be322a825e61f79a"

[[package]]
name = "miniz_oxide"
version = "0.7.1"
source = "registry+https://github.com/rust-lang/crates.io-index"
checksum = "e7810e0be55b428ada41041c41f32c9f1a42817901b4ccf45fa3d4b6561e74c7"
dependencies = [
 "adler",
]

[[package]]
name = "native"
version = "0.1.0"
dependencies = [
 "anyhow",
 "arraytools",
 "conv",
 "cpal",
 "enum-map",
 "flutter_rust_bridge",
 "indexed-ring-buffer",
 "jni 0.21.1",
 "lazy_static",
 "lerp",
 "ndk-context",
 "num",
 "pitch-detection",
 "pitch_shift",
 "queues",
 "rand",
 "ringbuf",
 "rubato",
 "rustysynth",
 "stackvec",
 "symphonia",
 "tdpsola",
 "wav",
 "waverly",
]

[[package]]
name = "ndk"
version = "0.7.0"
source = "registry+https://github.com/rust-lang/crates.io-index"
checksum = "451422b7e4718271c8b5b3aadf5adedba43dc76312454b387e98fae0fc951aa0"
dependencies = [
 "bitflags 1.3.2",
 "jni-sys",
 "ndk-sys",
 "num_enum",
 "raw-window-handle",
 "thiserror",
]

[[package]]
name = "ndk-context"
version = "0.1.1"
source = "registry+https://github.com/rust-lang/crates.io-index"
checksum = "27b02d87554356db9e9a873add8782d4ea6e3e58ea071a9adb9a2e8ddb884a8b"

[[package]]
name = "ndk-sys"
version = "0.4.1+23.1.7779620"
source = "registry+https://github.com/rust-lang/crates.io-index"
checksum = "3cf2aae958bd232cac5069850591667ad422d263686d75b52a065f9badeee5a3"
dependencies = [
 "jni-sys",
]

[[package]]
name = "nix"
version = "0.24.3"
source = "registry+https://github.com/rust-lang/crates.io-index"
checksum = "fa52e972a9a719cecb6864fb88568781eb706bac2cd1d4f04a648542dbf78069"
dependencies = [
 "bitflags 1.3.2",
 "cfg-if 1.0.0",
 "libc",
]

[[package]]
name = "nom"
version = "7.1.3"
source = "registry+https://github.com/rust-lang/crates.io-index"
checksum = "d273983c5a657a70a3e8f2a01329822f3b8c8172b73826411a55751e404a0a4a"
dependencies = [
 "memchr",
 "minimal-lexical",
]

[[package]]
name = "num"
version = "0.4.1"
source = "registry+https://github.com/rust-lang/crates.io-index"
checksum = "b05180d69e3da0e530ba2a1dae5110317e49e3b7f3d41be227dc5f92e49ee7af"
dependencies = [
 "num-bigint",
 "num-complex",
 "num-integer",
 "num-iter",
 "num-rational",
 "num-traits",
]

[[package]]
name = "num-bigint"
version = "0.4.4"
source = "registry+https://github.com/rust-lang/crates.io-index"
checksum = "608e7659b5c3d7cba262d894801b9ec9d00de989e8a82bd4bef91d08da45cdc0"
dependencies = [
 "autocfg",
 "num-integer",
 "num-traits",
]

[[package]]
name = "num-complex"
version = "0.4.4"
source = "registry+https://github.com/rust-lang/crates.io-index"
checksum = "1ba157ca0885411de85d6ca030ba7e2a83a28636056c7c699b07c8b6f7383214"
dependencies = [
 "num-traits",
]

[[package]]
name = "num-derive"
version = "0.3.3"
source = "registry+https://github.com/rust-lang/crates.io-index"
checksum = "876a53fff98e03a936a674b29568b0e605f06b29372c2489ff4de23f1949743d"
dependencies = [
 "proc-macro2",
 "quote",
 "syn 1.0.109",
]

[[package]]
name = "num-integer"
version = "0.1.45"
source = "registry+https://github.com/rust-lang/crates.io-index"
checksum = "225d3389fb3509a24c93f5c29eb6bde2586b98d9f016636dff58d7c6f7569cd9"
dependencies = [
 "autocfg",
 "num-traits",
]

[[package]]
name = "num-iter"
version = "0.1.43"
source = "registry+https://github.com/rust-lang/crates.io-index"
checksum = "7d03e6c028c5dc5cac6e2dec0efda81fc887605bb3d884578bb6d6bf7514e252"
dependencies = [
 "autocfg",
 "num-integer",
 "num-traits",
]

[[package]]
name = "num-rational"
version = "0.4.1"
source = "registry+https://github.com/rust-lang/crates.io-index"
checksum = "0638a1c9d0a3c0914158145bc76cff373a75a627e6ecbfb71cbe6f453a5a19b0"
dependencies = [
 "autocfg",
 "num-bigint",
 "num-integer",
 "num-traits",
]

[[package]]
name = "num-traits"
version = "0.2.16"
source = "registry+https://github.com/rust-lang/crates.io-index"
checksum = "f30b0abd723be7e2ffca1272140fac1a2f084c77ec3e123c192b66af1ee9e6c2"
dependencies = [
 "autocfg",
]

[[package]]
name = "num_cpus"
version = "1.16.0"
source = "registry+https://github.com/rust-lang/crates.io-index"
checksum = "4161fcb6d602d4d2081af7c3a45852d875a03dd337a6bfdd6e06407b61342a43"
dependencies = [
 "hermit-abi",
 "libc",
]

[[package]]
name = "num_enum"
version = "0.5.11"
source = "registry+https://github.com/rust-lang/crates.io-index"
checksum = "1f646caf906c20226733ed5b1374287eb97e3c2a5c227ce668c1f2ce20ae57c9"
dependencies = [
 "num_enum_derive",
]

[[package]]
name = "num_enum_derive"
version = "0.5.11"
source = "registry+https://github.com/rust-lang/crates.io-index"
checksum = "dcbff9bc912032c62bf65ef1d5aea88983b420f4f839db1e9b0c281a25c9c799"
dependencies = [
 "proc-macro-crate",
 "proc-macro2",
 "quote",
 "syn 1.0.109",
]

[[package]]
name = "object"
version = "0.32.1"
source = "registry+https://github.com/rust-lang/crates.io-index"
checksum = "9cf5f9dd3933bd50a9e1f149ec995f39ae2c496d31fd772c1fd45ebc27e902b0"
dependencies = [
 "memchr",
]

[[package]]
name = "oboe"
version = "0.5.0"
source = "registry+https://github.com/rust-lang/crates.io-index"
checksum = "8868cc237ee02e2d9618539a23a8d228b9bb3fc2e7a5b11eed3831de77c395d0"
dependencies = [
 "jni 0.20.0",
 "ndk",
 "ndk-context",
 "num-derive",
 "num-traits",
 "oboe-sys",
]

[[package]]
name = "oboe-sys"
version = "0.5.0"
source = "registry+https://github.com/rust-lang/crates.io-index"
checksum = "7f44155e7fb718d3cfddcf70690b2b51ac4412f347cd9e4fbe511abe9cd7b5f2"
dependencies = [
 "cc",
]

[[package]]
name = "once_cell"
version = "1.18.0"
source = "registry+https://github.com/rust-lang/crates.io-index"
checksum = "dd8b5dd2ae5ed71462c540258bedcb51965123ad7e7ccf4b9a8cafaa4a63576d"

[[package]]
name = "owo-colors"
version = "3.5.0"
source = "registry+https://github.com/rust-lang/crates.io-index"
checksum = "c1b04fb49957986fdce4d6ee7a65027d55d4b6d2265e5848bbb507b58ccfdb6f"

[[package]]
name = "parking_lot"
version = "0.10.2"
source = "registry+https://github.com/rust-lang/crates.io-index"
checksum = "d3a704eb390aafdc107b0e392f56a82b668e3a71366993b5340f5833fd62505e"
dependencies = [
 "lock_api 0.3.4",
 "parking_lot_core 0.7.3",
]

[[package]]
name = "parking_lot"
version = "0.12.1"
source = "registry+https://github.com/rust-lang/crates.io-index"
checksum = "3742b2c103b9f06bc9fff0a37ff4912935851bee6d36f3c02bcc755bcfec228f"
dependencies = [
 "lock_api 0.4.10",
 "parking_lot_core 0.9.8",
]

[[package]]
name = "parking_lot_core"
version = "0.7.3"
source = "registry+https://github.com/rust-lang/crates.io-index"
checksum = "b93f386bb233083c799e6e642a9d73db98c24a5deeb95ffc85bf281255dffc98"
dependencies = [
 "cfg-if 0.1.10",
 "cloudabi",
 "libc",
 "redox_syscall 0.1.57",
 "smallvec",
 "winapi",
]

[[package]]
name = "parking_lot_core"
version = "0.9.8"
source = "registry+https://github.com/rust-lang/crates.io-index"
checksum = "93f00c865fe7cabf650081affecd3871070f26767e7b2070a3ffae14c654b447"
dependencies = [
 "cfg-if 1.0.0",
 "libc",
 "redox_syscall 0.3.5",
 "smallvec",
 "windows-targets 0.48.5",
]

[[package]]
name = "peeking_take_while"
version = "0.1.2"
source = "registry+https://github.com/rust-lang/crates.io-index"
checksum = "19b17cddbe7ec3f8bc800887bab5e717348c95ea2ca0b1bf0837fb964dc67099"

[[package]]
name = "pitch-detection"
version = "0.3.0"
source = "registry+https://github.com/rust-lang/crates.io-index"
checksum = "e086e70dfcfd46cd6097c501a66fb07cd73ee8c27844b0941d9b2b3e43dfbf92"
dependencies = [
 "rustfft",
]

[[package]]
name = "pitch_shift"
version = "1.0.0"
source = "registry+https://github.com/rust-lang/crates.io-index"
checksum = "fc3567157c760c60b1bce23b9341a081cbd0b1c89f1d8ca1b8701fec70ecb20b"
dependencies = [
 "realfft",
 "rustfft",
]

[[package]]
name = "pkg-config"
version = "0.3.27"
source = "registry+https://github.com/rust-lang/crates.io-index"
checksum = "26072860ba924cbfa98ea39c8c19b4dd6a4a25423dbdf219c1eca91aa0cf6964"

[[package]]
name = "ppv-lite86"
version = "0.2.17"
source = "registry+https://github.com/rust-lang/crates.io-index"
checksum = "5b40af805b3121feab8a3c29f04d8ad262fa8e0561883e7653e024ae4479e6de"

[[package]]
name = "primal-check"
version = "0.3.3"
source = "registry+https://github.com/rust-lang/crates.io-index"
checksum = "9df7f93fd637f083201473dab4fee2db4c429d32e55e3299980ab3957ab916a0"
dependencies = [
 "num-integer",
]

[[package]]
name = "proc-macro-crate"
version = "1.3.1"
source = "registry+https://github.com/rust-lang/crates.io-index"
checksum = "7f4c021e1093a56626774e81216a4ce732a735e5bad4868a03f3ed65ca0c3919"
dependencies = [
 "once_cell",
 "toml_edit",
]

[[package]]
name = "proc-macro2"
version = "1.0.67"
source = "registry+https://github.com/rust-lang/crates.io-index"
checksum = "3d433d9f1a3e8c1263d9456598b16fec66f4acc9a74dacffd35c7bb09b3a1328"
dependencies = [
 "unicode-ident",
]

[[package]]
name = "queues"
version = "1.1.0"
source = "registry+https://github.com/rust-lang/crates.io-index"
checksum = "1475abae4f8ad4998590fe3acfe20104f0a5d48fc420c817cd2c09c3f56151f0"

[[package]]
name = "quote"
version = "1.0.33"
source = "registry+https://github.com/rust-lang/crates.io-index"
checksum = "5267fca4496028628a95160fc423a33e8b2e6af8a5302579e322e4b520293cae"
dependencies = [
 "proc-macro2",
]

[[package]]
name = "rand"
version = "0.8.5"
source = "registry+https://github.com/rust-lang/crates.io-index"
checksum = "34af8d1a0e25924bc5b7c43c079c942339d8f0a8b57c39049bef581b46327404"
dependencies = [
 "libc",
 "rand_chacha",
 "rand_core",
]

[[package]]
name = "rand_chacha"
version = "0.3.1"
source = "registry+https://github.com/rust-lang/crates.io-index"
checksum = "e6c10a63a0fa32252be49d21e7709d4d4baf8d231c2dbce1eaa8141b9b127d88"
dependencies = [
 "ppv-lite86",
 "rand_core",
]

[[package]]
name = "rand_core"
version = "0.6.4"
source = "registry+https://github.com/rust-lang/crates.io-index"
checksum = "ec0be4795e2f6a28069bec0b5ff3e2ac9bafc99e6a9a7dc3547996c5c816922c"
dependencies = [
 "getrandom",
]

[[package]]
name = "raw-window-handle"
version = "0.5.2"
source = "registry+https://github.com/rust-lang/crates.io-index"
checksum = "f2ff9a1f06a88b01621b7ae906ef0211290d1c8a168a15542486a8f61c0833b9"

[[package]]
name = "realfft"
version = "3.3.0"
source = "registry+https://github.com/rust-lang/crates.io-index"
checksum = "953d9f7e5cdd80963547b456251296efc2626ed4e3cbf36c869d9564e0220571"
dependencies = [
 "rustfft",
]

[[package]]
name = "redox_syscall"
version = "0.1.57"
source = "registry+https://github.com/rust-lang/crates.io-index"
checksum = "41cc0f7e4d5d4544e8861606a285bb08d3e70712ccc7d2b84d7c0ccfaf4b05ce"

[[package]]
name = "redox_syscall"
version = "0.3.5"
source = "registry+https://github.com/rust-lang/crates.io-index"
checksum = "567664f262709473930a4bf9e51bf2ebf3348f2e748ccc50dea20646858f8f29"
dependencies = [
 "bitflags 1.3.2",
]

[[package]]
name = "regex"
version = "1.9.6"
source = "registry+https://github.com/rust-lang/crates.io-index"
checksum = "ebee201405406dbf528b8b672104ae6d6d63e6d118cb10e4d51abbc7b58044ff"
dependencies = [
 "aho-corasick",
 "memchr",
 "regex-automata",
 "regex-syntax",
]

[[package]]
name = "regex-automata"
version = "0.3.9"
source = "registry+https://github.com/rust-lang/crates.io-index"
checksum = "59b23e92ee4318893fa3fe3e6fb365258efbfe6ac6ab30f090cdcbb7aa37efa9"
dependencies = [
 "aho-corasick",
 "memchr",
 "regex-syntax",
]

[[package]]
name = "regex-syntax"
version = "0.7.5"
source = "registry+https://github.com/rust-lang/crates.io-index"
checksum = "dbb5fb1acd8a1a18b3dd5be62d25485eb770e05afb408a9627d14d451bae12da"

[[package]]
name = "riff"
version = "1.0.1"
source = "registry+https://github.com/rust-lang/crates.io-index"
checksum = "b9b1a3d5f46d53f4a3478e2be4a5a5ce5108ea58b100dcd139830eae7f79a3a1"

[[package]]
name = "ringbuf"
version = "0.3.3"
source = "registry+https://github.com/rust-lang/crates.io-index"
checksum = "79abed428d1fd2a128201cec72c5f6938e2da607c6f3745f769fabea399d950a"
dependencies = [
 "crossbeam-utils",
]

[[package]]
name = "rubato"
version = "0.14.1"
source = "registry+https://github.com/rust-lang/crates.io-index"
checksum = "e6dd52e80cfc21894deadf554a5673002938ae4625f7a283e536f9cf7c17b0d5"
dependencies = [
 "num-complex",
 "num-integer",
 "num-traits",
 "realfft",
]

[[package]]
name = "rustc-demangle"
version = "0.1.23"
source = "registry+https://github.com/rust-lang/crates.io-index"
checksum = "d626bb9dae77e28219937af045c257c28bfd3f69333c512553507f5f9798cb76"

[[package]]
name = "rustc-hash"
version = "1.1.0"
source = "registry+https://github.com/rust-lang/crates.io-index"
checksum = "08d43f7aa6b08d49f382cde6a7982047c3426db949b1424bc4b7ec9ae12c6ce2"

[[package]]
name = "rustfft"
version = "6.1.0"
source = "registry+https://github.com/rust-lang/crates.io-index"
checksum = "e17d4f6cbdb180c9f4b2a26bbf01c4e647f1e1dea22fe8eb9db54198b32f9434"
dependencies = [
 "num-complex",
 "num-integer",
 "num-traits",
 "primal-check",
 "strength_reduce",
 "transpose",
 "version_check",
]

[[package]]
name = "rustysynth"
version = "1.3.1"
source = "registry+https://github.com/rust-lang/crates.io-index"
checksum = "a2316fb90175e4f747331f29c9275aaddf2868b355472e94a3b82ad235a719b5"

[[package]]
name = "same-file"
version = "1.0.6"
source = "registry+https://github.com/rust-lang/crates.io-index"
checksum = "93fc1dc3aaa9bfed95e02e6eadabb4baf7e3078b0bd1b4d7b6b0b68378900502"
dependencies = [
 "winapi-util",
]

[[package]]
name = "scopeguard"
version = "1.2.0"
source = "registry+https://github.com/rust-lang/crates.io-index"
checksum = "94143f37725109f92c262ed2cf5e59bce7498c01bcc1502d7b9afe439a4e9f49"

[[package]]
name = "shlex"
version = "1.2.0"
source = "registry+https://github.com/rust-lang/crates.io-index"
checksum = "a7cee0529a6d40f580e7a5e6c495c8fbfe21b7b52795ed4bb5e62cdf92bc6380"

[[package]]
name = "smallvec"
version = "1.11.1"
source = "registry+https://github.com/rust-lang/crates.io-index"
checksum = "942b4a808e05215192e39f4ab80813e599068285906cc91aa64f923db842bd5a"

[[package]]
name = "stackvec"
version = "0.2.1"
source = "registry+https://github.com/rust-lang/crates.io-index"
checksum = "a28337dadadf1f595e7472e02ed7e27cbc790828b10336f144b5790d21152c16"

[[package]]
name = "strength_reduce"
version = "0.2.4"
source = "registry+https://github.com/rust-lang/crates.io-index"
checksum = "fe895eb47f22e2ddd4dabc02bce419d2e643c8e3b585c78158b349195bc24d82"

[[package]]
name = "symphonia"
version = "0.5.4"
source = "registry+https://github.com/rust-lang/crates.io-index"
checksum = "815c942ae7ee74737bb00f965fa5b5a2ac2ce7b6c01c0cc169bbeaf7abd5f5a9"
dependencies = [
 "lazy_static",
 "symphonia-bundle-flac",
 "symphonia-bundle-mp3",
 "symphonia-codec-aac",
 "symphonia-codec-adpcm",
 "symphonia-codec-alac",
 "symphonia-codec-pcm",
 "symphonia-codec-vorbis",
 "symphonia-core",
 "symphonia-format-caf",
 "symphonia-format-isomp4",
 "symphonia-format-mkv",
 "symphonia-format-ogg",
 "symphonia-format-riff",
 "symphonia-metadata",
]

[[package]]
name = "symphonia-bundle-flac"
version = "0.5.4"
source = "registry+https://github.com/rust-lang/crates.io-index"
checksum = "72e34f34298a7308d4397a6c7fbf5b84c5d491231ce3dd379707ba673ab3bd97"
dependencies = [
 "log",
 "symphonia-core",
 "symphonia-metadata",
 "symphonia-utils-xiph",
]

[[package]]
name = "symphonia-bundle-mp3"
version = "0.5.4"
source = "registry+https://github.com/rust-lang/crates.io-index"
checksum = "c01c2aae70f0f1fb096b6f0ff112a930b1fb3626178fba3ae68b09dce71706d4"
dependencies = [
 "lazy_static",
 "log",
 "symphonia-core",
 "symphonia-metadata",
]

[[package]]
name = "symphonia-codec-aac"
version = "0.5.4"
source = "registry+https://github.com/rust-lang/crates.io-index"
checksum = "cdbf25b545ad0d3ee3e891ea643ad115aff4ca92f6aec472086b957a58522f70"
dependencies = [
 "lazy_static",
 "log",
 "symphonia-core",
]

[[package]]
name = "symphonia-codec-adpcm"
version = "0.5.4"
source = "registry+https://github.com/rust-lang/crates.io-index"
checksum = "c94e1feac3327cd616e973d5be69ad36b3945f16b06f19c6773fc3ac0b426a0f"
dependencies = [
 "log",
 "symphonia-core",
]

[[package]]
name = "symphonia-codec-alac"
version = "0.5.4"
source = "registry+https://github.com/rust-lang/crates.io-index"
checksum = "2d8a6666649a08412906476a8b0efd9b9733e241180189e9f92b09c08d0e38f3"
dependencies = [
 "log",
 "symphonia-core",
]

[[package]]
name = "symphonia-codec-pcm"
version = "0.5.4"
source = "registry+https://github.com/rust-lang/crates.io-index"
checksum = "f395a67057c2ebc5e84d7bb1be71cce1a7ba99f64e0f0f0e303a03f79116f89b"
dependencies = [
 "log",
 "symphonia-core",
]

[[package]]
name = "symphonia-codec-vorbis"
version = "0.5.4"
source = "registry+https://github.com/rust-lang/crates.io-index"
checksum = "5a98765fb46a0a6732b007f7e2870c2129b6f78d87db7987e6533c8f164a9f30"
dependencies = [
 "log",
 "symphonia-core",
 "symphonia-utils-xiph",
]

[[package]]
name = "symphonia-core"
version = "0.5.4"
source = "registry+https://github.com/rust-lang/crates.io-index"
checksum = "798306779e3dc7d5231bd5691f5a813496dc79d3f56bf82e25789f2094e022c3"
dependencies = [
 "arrayvec",
 "bitflags 1.3.2",
 "bytemuck",
 "lazy_static",
 "log",
 "rustfft",
]

[[package]]
name = "symphonia-format-caf"
version = "0.5.4"
source = "registry+https://github.com/rust-lang/crates.io-index"
checksum = "e43c99c696a388295a29fe71b133079f5d8b18041cf734c5459c35ad9097af50"
dependencies = [
 "log",
 "symphonia-core",
 "symphonia-metadata",
]

[[package]]
name = "symphonia-format-isomp4"
version = "0.5.4"
source = "registry+https://github.com/rust-lang/crates.io-index"
checksum = "abfdf178d697e50ce1e5d9b982ba1b94c47218e03ec35022d9f0e071a16dc844"
dependencies = [
 "encoding_rs",
 "log",
 "symphonia-core",
 "symphonia-metadata",
 "symphonia-utils-xiph",
]

[[package]]
name = "symphonia-format-mkv"
version = "0.5.4"
source = "registry+https://github.com/rust-lang/crates.io-index"
checksum = "1bb43471a100f7882dc9937395bd5ebee8329298e766250b15b3875652fe3d6f"
dependencies = [
 "lazy_static",
 "log",
 "symphonia-core",
 "symphonia-metadata",
 "symphonia-utils-xiph",
]

[[package]]
name = "symphonia-format-ogg"
version = "0.5.4"
source = "registry+https://github.com/rust-lang/crates.io-index"
checksum = "ada3505789516bcf00fc1157c67729eded428b455c27ca370e41f4d785bfa931"
dependencies = [
 "log",
 "symphonia-core",
 "symphonia-metadata",
 "symphonia-utils-xiph",
]

[[package]]
name = "symphonia-format-riff"
version = "0.5.4"
source = "registry+https://github.com/rust-lang/crates.io-index"
checksum = "05f7be232f962f937f4b7115cbe62c330929345434c834359425e043bfd15f50"
dependencies = [
 "extended",
 "log",
 "symphonia-core",
 "symphonia-metadata",
]

[[package]]
name = "symphonia-metadata"
version = "0.5.4"
source = "registry+https://github.com/rust-lang/crates.io-index"
checksum = "bc622b9841a10089c5b18e99eb904f4341615d5aa55bbf4eedde1be721a4023c"
dependencies = [
 "encoding_rs",
 "lazy_static",
 "log",
 "symphonia-core",
]

[[package]]
name = "symphonia-utils-xiph"
version = "0.5.4"
source = "registry+https://github.com/rust-lang/crates.io-index"
checksum = "484472580fa49991afda5f6550ece662237b00c6f562c7d9638d1b086ed010fe"
dependencies = [
 "symphonia-core",
 "symphonia-metadata",
]

[[package]]
name = "syn"
version = "1.0.109"
source = "registry+https://github.com/rust-lang/crates.io-index"
checksum = "72b64191b275b66ffe2469e8af2c1cfe3bafa67b529ead792a6d0160888b4237"
dependencies = [
 "proc-macro2",
 "quote",
 "unicode-ident",
]

[[package]]
name = "syn"
version = "2.0.37"
source = "registry+https://github.com/rust-lang/crates.io-index"
checksum = "7303ef2c05cd654186cb250d29049a24840ca25d2747c25c0381c8d9e2f582e8"
dependencies = [
 "proc-macro2",
 "quote",
 "unicode-ident",
]

[[package]]
name = "tdpsola"
version = "0.1.0"
source = "registry+https://github.com/rust-lang/crates.io-index"
checksum = "d2b8b9dbf876dfb5808e3693c033c4da41a07f6306a599a5db267629a8df1388"

[[package]]
name = "thiserror"
version = "1.0.49"
source = "registry+https://github.com/rust-lang/crates.io-index"
checksum = "1177e8c6d7ede7afde3585fd2513e611227efd6481bd78d2e82ba1ce16557ed4"
dependencies = [
 "thiserror-impl",
]

[[package]]
name = "thiserror-impl"
version = "1.0.49"
source = "registry+https://github.com/rust-lang/crates.io-index"
checksum = "10712f02019e9288794769fba95cd6847df9874d49d871d062172f9dd41bc4cc"
dependencies = [
 "proc-macro2",
 "quote",
 "syn 2.0.37",
]

[[package]]
name = "threadpool"
version = "1.8.1"
source = "registry+https://github.com/rust-lang/crates.io-index"
checksum = "d050e60b33d41c19108b32cea32164033a9013fe3b46cbd4457559bfbf77afaa"
dependencies = [
 "num_cpus",
]

[[package]]
name = "toml_datetime"
version = "0.6.3"
source = "registry+https://github.com/rust-lang/crates.io-index"
checksum = "7cda73e2f1397b1262d6dfdcef8aafae14d1de7748d66822d3bfeeb6d03e5e4b"

[[package]]
name = "toml_edit"
version = "0.19.15"
source = "registry+https://github.com/rust-lang/crates.io-index"
checksum = "1b5bb770da30e5cbfde35a2d7b9b8a2c4b8ef89548a7a6aeab5c9a576e3e7421"
dependencies = [
 "indexmap",
 "toml_datetime",
 "winnow",
]

[[package]]
name = "transpose"
version = "0.2.2"
source = "registry+https://github.com/rust-lang/crates.io-index"
checksum = "e6522d49d03727ffb138ae4cbc1283d3774f0d10aa7f9bf52e6784c45daf9b23"
dependencies = [
 "num-integer",
 "strength_reduce",
]

[[package]]
name = "unicode-ident"
version = "1.0.12"
source = "registry+https://github.com/rust-lang/crates.io-index"
checksum = "3354b9ac3fae1ff6755cb6db53683adb661634f67557942dea4facebec0fee4b"

[[package]]
name = "version_check"
version = "0.9.4"
source = "registry+https://github.com/rust-lang/crates.io-index"
checksum = "49874b5167b65d7193b8aba1567f5c7d93d001cafc34600cee003eda787e483f"

[[package]]
name = "walkdir"
version = "2.4.0"
source = "registry+https://github.com/rust-lang/crates.io-index"
checksum = "d71d857dc86794ca4c280d616f7da00d2dbfd8cd788846559a6813e6aa4b54ee"
dependencies = [
 "same-file",
 "winapi-util",
]

[[package]]
name = "wasi"
version = "0.11.0+wasi-snapshot-preview1"
source = "registry+https://github.com/rust-lang/crates.io-index"
checksum = "9c8d87e72b64a3b4db28d11ce29237c246188f4f51057d65a7eab63b7987e423"

[[package]]
name = "wasm-bindgen"
version = "0.2.91"
source = "registry+https://github.com/rust-lang/crates.io-index"
checksum = "c1e124130aee3fb58c5bdd6b639a0509486b0338acaaae0c84a5124b0f588b7f"
dependencies = [
 "cfg-if 1.0.0",
 "wasm-bindgen-macro",
]

[[package]]
name = "wasm-bindgen-backend"
version = "0.2.91"
source = "registry+https://github.com/rust-lang/crates.io-index"
checksum = "c9e7e1900c352b609c8488ad12639a311045f40a35491fb69ba8c12f758af70b"
dependencies = [
 "bumpalo",
 "log",
 "once_cell",
 "proc-macro2",
 "quote",
 "syn 2.0.37",
 "wasm-bindgen-shared",
]

[[package]]
name = "wasm-bindgen-futures"
version = "0.4.41"
source = "registry+https://github.com/rust-lang/crates.io-index"
checksum = "877b9c3f61ceea0e56331985743b13f3d25c406a7098d45180fb5f09bc19ed97"
dependencies = [
 "cfg-if 1.0.0",
 "js-sys",
 "wasm-bindgen",
 "web-sys",
]

[[package]]
name = "wasm-bindgen-macro"
version = "0.2.91"
source = "registry+https://github.com/rust-lang/crates.io-index"
checksum = "b30af9e2d358182b5c7449424f017eba305ed32a7010509ede96cdc4696c46ed"
dependencies = [
 "quote",
 "wasm-bindgen-macro-support",
]

[[package]]
name = "wasm-bindgen-macro-support"
version = "0.2.91"
source = "registry+https://github.com/rust-lang/crates.io-index"
checksum = "642f325be6301eb8107a83d12a8ac6c1e1c54345a7ef1a9261962dfefda09e66"
dependencies = [
 "proc-macro2",
 "quote",
 "syn 2.0.37",
 "wasm-bindgen-backend",
 "wasm-bindgen-shared",
]

[[package]]
name = "wasm-bindgen-shared"
version = "0.2.91"
source = "registry+https://github.com/rust-lang/crates.io-index"
checksum = "4f186bd2dcf04330886ce82d6f33dd75a7bfcf69ecf5763b89fcde53b6ac9838"

[[package]]
name = "wav"
version = "1.0.0"
source = "registry+https://github.com/rust-lang/crates.io-index"
checksum = "a65e199c799848b4f997072aa4d673c034f80f40191f97fe2f0a23f410be1609"
dependencies = [
 "riff",
]

[[package]]
name = "waverly"
version = "0.2.0"
source = "registry+https://github.com/rust-lang/crates.io-index"
checksum = "890752c46260e871a88003dfa76b2877d6ebddcf661639cae463d1aa797635fe"
dependencies = [
 "binrw",
]

[[package]]
name = "web-sys"
version = "0.3.64"
source = "registry+https://github.com/rust-lang/crates.io-index"
checksum = "9b85cbef8c220a6abc02aefd892dfc0fc23afb1c6a426316ec33253a3877249b"
dependencies = [
 "js-sys",
 "wasm-bindgen",
]

[[package]]
name = "winapi"
version = "0.3.9"
source = "registry+https://github.com/rust-lang/crates.io-index"
checksum = "5c839a674fcd7a98952e593242ea400abe93992746761e38641405d28b00f419"
dependencies = [
 "winapi-i686-pc-windows-gnu",
 "winapi-x86_64-pc-windows-gnu",
]

[[package]]
name = "winapi-i686-pc-windows-gnu"
version = "0.4.0"
source = "registry+https://github.com/rust-lang/crates.io-index"
checksum = "ac3b87c63620426dd9b991e5ce0329eff545bccbbb34f3be09ff6fb6ab51b7b6"

[[package]]
name = "winapi-util"
version = "0.1.6"
source = "registry+https://github.com/rust-lang/crates.io-index"
checksum = "f29e6f9198ba0d26b4c9f07dbe6f9ed633e1f3d5b8b414090084349e46a52596"
dependencies = [
 "winapi",
]

[[package]]
name = "winapi-x86_64-pc-windows-gnu"
version = "0.4.0"
source = "registry+https://github.com/rust-lang/crates.io-index"
checksum = "712e227841d057c1ee1cd2fb22fa7e5a5461ae8e48fa2ca79ec42cfc1931183f"

[[package]]
name = "windows"
version = "0.46.0"
source = "registry+https://github.com/rust-lang/crates.io-index"
checksum = "cdacb41e6a96a052c6cb63a144f24900236121c6f63f4f8219fef5977ecb0c25"
dependencies = [
 "windows-targets 0.42.2",
]

[[package]]
name = "windows-core"
version = "0.52.0"
source = "registry+https://github.com/rust-lang/crates.io-index"
checksum = "33ab640c8d7e35bf8ba19b884ba838ceb4fba93a4e8c65a9059d08afcfc683d9"
dependencies = [
 "windows-targets 0.52.0",
]

[[package]]
name = "windows-sys"
version = "0.45.0"
source = "registry+https://github.com/rust-lang/crates.io-index"
checksum = "75283be5efb2831d37ea142365f009c02ec203cd29a3ebecbc093d52315b66d0"
dependencies = [
 "windows-targets 0.42.2",
]

[[package]]
name = "windows-targets"
version = "0.42.2"
source = "registry+https://github.com/rust-lang/crates.io-index"
checksum = "8e5180c00cd44c9b1c88adb3693291f1cd93605ded80c250a75d472756b4d071"
dependencies = [
 "windows_aarch64_gnullvm 0.42.2",
 "windows_aarch64_msvc 0.42.2",
 "windows_i686_gnu 0.42.2",
 "windows_i686_msvc 0.42.2",
 "windows_x86_64_gnu 0.42.2",
 "windows_x86_64_gnullvm 0.42.2",
 "windows_x86_64_msvc 0.42.2",
]

[[package]]
name = "windows-targets"
version = "0.48.5"
source = "registry+https://github.com/rust-lang/crates.io-index"
checksum = "9a2fa6e2155d7247be68c096456083145c183cbbbc2764150dda45a87197940c"
dependencies = [
 "windows_aarch64_gnullvm 0.48.5",
 "windows_aarch64_msvc 0.48.5",
 "windows_i686_gnu 0.48.5",
 "windows_i686_msvc 0.48.5",
 "windows_x86_64_gnu 0.48.5",
 "windows_x86_64_gnullvm 0.48.5",
 "windows_x86_64_msvc 0.48.5",
]

[[package]]
name = "windows-targets"
version = "0.52.0"
source = "registry+https://github.com/rust-lang/crates.io-index"
checksum = "8a18201040b24831fbb9e4eb208f8892e1f50a37feb53cc7ff887feb8f50e7cd"
dependencies = [
 "windows_aarch64_gnullvm 0.52.0",
 "windows_aarch64_msvc 0.52.0",
 "windows_i686_gnu 0.52.0",
 "windows_i686_msvc 0.52.0",
 "windows_x86_64_gnu 0.52.0",
 "windows_x86_64_gnullvm 0.52.0",
 "windows_x86_64_msvc 0.52.0",
]

[[package]]
name = "windows_aarch64_gnullvm"
version = "0.42.2"
source = "registry+https://github.com/rust-lang/crates.io-index"
checksum = "597a5118570b68bc08d8d59125332c54f1ba9d9adeedeef5b99b02ba2b0698f8"

[[package]]
name = "windows_aarch64_gnullvm"
version = "0.48.5"
source = "registry+https://github.com/rust-lang/crates.io-index"
checksum = "2b38e32f0abccf9987a4e3079dfb67dcd799fb61361e53e2882c3cbaf0d905d8"

[[package]]
name = "windows_aarch64_gnullvm"
version = "0.52.0"
source = "registry+https://github.com/rust-lang/crates.io-index"
checksum = "cb7764e35d4db8a7921e09562a0304bf2f93e0a51bfccee0bd0bb0b666b015ea"

[[package]]
name = "windows_aarch64_msvc"
version = "0.42.2"
source = "registry+https://github.com/rust-lang/crates.io-index"
checksum = "e08e8864a60f06ef0d0ff4ba04124db8b0fb3be5776a5cd47641e942e58c4d43"

[[package]]
name = "windows_aarch64_msvc"
version = "0.48.5"
source = "registry+https://github.com/rust-lang/crates.io-index"
checksum = "dc35310971f3b2dbbf3f0690a219f40e2d9afcf64f9ab7cc1be722937c26b4bc"

[[package]]
name = "windows_aarch64_msvc"
version = "0.52.0"
source = "registry+https://github.com/rust-lang/crates.io-index"
checksum = "bbaa0368d4f1d2aaefc55b6fcfee13f41544ddf36801e793edbbfd7d7df075ef"

[[package]]
name = "windows_i686_gnu"
version = "0.42.2"
source = "registry+https://github.com/rust-lang/crates.io-index"
checksum = "c61d927d8da41da96a81f029489353e68739737d3beca43145c8afec9a31a84f"

[[package]]
name = "windows_i686_gnu"
version = "0.48.5"
source = "registry+https://github.com/rust-lang/crates.io-index"
checksum = "a75915e7def60c94dcef72200b9a8e58e5091744960da64ec734a6c6e9b3743e"

[[package]]
name = "windows_i686_gnu"
version = "0.52.0"
source = "registry+https://github.com/rust-lang/crates.io-index"
checksum = "a28637cb1fa3560a16915793afb20081aba2c92ee8af57b4d5f28e4b3e7df313"

[[package]]
name = "windows_i686_msvc"
version = "0.42.2"
source = "registry+https://github.com/rust-lang/crates.io-index"
checksum = "44d840b6ec649f480a41c8d80f9c65108b92d89345dd94027bfe06ac444d1060"

[[package]]
name = "windows_i686_msvc"
version = "0.48.5"
source = "registry+https://github.com/rust-lang/crates.io-index"
checksum = "8f55c233f70c4b27f66c523580f78f1004e8b5a8b659e05a4eb49d4166cca406"

[[package]]
name = "windows_i686_msvc"
version = "0.52.0"
source = "registry+https://github.com/rust-lang/crates.io-index"
checksum = "ffe5e8e31046ce6230cc7215707b816e339ff4d4d67c65dffa206fd0f7aa7b9a"

[[package]]
name = "windows_x86_64_gnu"
version = "0.42.2"
source = "registry+https://github.com/rust-lang/crates.io-index"
checksum = "8de912b8b8feb55c064867cf047dda097f92d51efad5b491dfb98f6bbb70cb36"

[[package]]
name = "windows_x86_64_gnu"
version = "0.48.5"
source = "registry+https://github.com/rust-lang/crates.io-index"
checksum = "53d40abd2583d23e4718fddf1ebec84dbff8381c07cae67ff7768bbf19c6718e"

[[package]]
name = "windows_x86_64_gnu"
version = "0.52.0"
source = "registry+https://github.com/rust-lang/crates.io-index"
checksum = "3d6fa32db2bc4a2f5abeacf2b69f7992cd09dca97498da74a151a3132c26befd"

[[package]]
name = "windows_x86_64_gnullvm"
version = "0.42.2"
source = "registry+https://github.com/rust-lang/crates.io-index"
checksum = "26d41b46a36d453748aedef1486d5c7a85db22e56aff34643984ea85514e94a3"

[[package]]
name = "windows_x86_64_gnullvm"
version = "0.48.5"
source = "registry+https://github.com/rust-lang/crates.io-index"
checksum = "0b7b52767868a23d5bab768e390dc5f5c55825b6d30b86c844ff2dc7414044cc"

[[package]]
name = "windows_x86_64_gnullvm"
version = "0.52.0"
source = "registry+https://github.com/rust-lang/crates.io-index"
checksum = "1a657e1e9d3f514745a572a6846d3c7aa7dbe1658c056ed9c3344c4109a6949e"

[[package]]
name = "windows_x86_64_msvc"
version = "0.42.2"
source = "registry+https://github.com/rust-lang/crates.io-index"
checksum = "9aec5da331524158c6d1a4ac0ab1541149c0b9505fde06423b02f5ef0106b9f0"

[[package]]
name = "windows_x86_64_msvc"
version = "0.48.5"
source = "registry+https://github.com/rust-lang/crates.io-index"
checksum = "ed94fce61571a4006852b7389a063ab983c02eb1bb37b47f8272ce92d06d9538"

[[package]]
name = "windows_x86_64_msvc"
version = "0.52.0"
source = "registry+https://github.com/rust-lang/crates.io-index"
checksum = "dff9641d1cd4be8d1a070daf9e3773c5f67e78b4d9d42263020c057706765c04"

[[package]]
name = "winnow"
version = "0.5.15"
source = "registry+https://github.com/rust-lang/crates.io-index"
checksum = "7c2e3184b9c4e92ad5167ca73039d0c42476302ab603e2fec4487511f38ccefc"
dependencies = [
 "memchr",
]
